
Microsoft Visual Studio Solution File, Format Version 12.00
# Visual Studio Version 17
VisualStudioVersion = 17.2.32616.157
MinimumVisualStudioVersion = 10.0.40219.1
Project("{FAE04EC0-301F-11D3-BF4B-00C04F79EFBC}") = "PickACard", "PickACard.csproj", "{DD987A48-1955-4895-ADC6-760704DC9967}"
EndProject
Global
	GlobalSection(SolutionConfigurationPlatforms) = preSolution
		Debug|Any CPU = Debug|Any CPU
		Release|Any CPU = Release|Any CPU
	EndGlobalSection
	GlobalSection(ProjectConfigurationPlatforms) = postSolution
		{DD987A48-1955-4895-ADC6-760704DC9967}.Debug|Any CPU.ActiveCfg = Debug|Any CPU
		{DD987A48-1955-4895-ADC6-760704DC9967}.Debug|Any CPU.Build.0 = Debug|Any CPU
		{DD987A48-1955-4895-ADC6-760704DC9967}.Release|Any CPU.ActiveCfg = Release|Any CPU
		{DD987A48-1955-4895-ADC6-760704DC9967}.Release|Any CPU.Build.0 = Release|Any CPU
	EndGlobalSection
	GlobalSection(SolutionProperties) = preSolution
		HideSolutionNode = FALSE
	EndGlobalSection
	GlobalSection(ExtensibilityGlobals) = postSolution
		SolutionGuid = {CFD3E67D-975D-41BF-A2A4-4BF48491B23E}
	EndGlobalSection
EndGlobal
